
Microsoft Visual Studio Solution File, Format Version 12.00
# Visual Studio Version 17
VisualStudioVersion = 17.8.34330.188
MinimumVisualStudioVersion = 10.0.40219.1
Project("{8BC9CEB8-8B4A-11D0-8D11-00A0C91BC942}") = "Qimage_process", "Qimage_process\Qimage_process.vcxproj", "{8F9D0AAE-ED93-4CCE-A0EA-B031171E6CAB}"
EndProject
Global
	GlobalSection(SolutionConfigurationPlatforms) = preSolution
		Debug|x64 = Debug|x64
		Release|x64 = Release|x64
	EndGlobalSection
	GlobalSection(ProjectConfigurationPlatforms) = postSolution
		{8F9D0AAE-ED93-4CCE-A0EA-B031171E6CAB}.Debug|x64.ActiveCfg = Debug|x64
		{8F9D0AAE-ED93-4CCE-A0EA-B031171E6CAB}.Debug|x64.Build.0 = Debug|x64
		{8F9D0AAE-ED93-4CCE-A0EA-B031171E6CAB}.Release|x64.ActiveCfg = Release|x64
		{8F9D0AAE-ED93-4CCE-A0EA-B031171E6CAB}.Release|x64.Build.0 = Release|x64
	EndGlobalSection
	GlobalSection(SolutionProperties) = preSolution
		HideSolutionNode = FALSE
	EndGlobalSection
	GlobalSection(ExtensibilityGlobals) = postSolution
		SolutionGuid = {E9A24BFA-071A-4018-8CEF-A83163033F76}
	EndGlobalSection
EndGlobal
